{
  "name": "nyu-hosting",
  "version": "0.0.0",
  "lockfileVersion": 1,
  "requires": true,
  "dependencies": {
    "spectre.css": {
      "version": "0.5.3",
      "resolved": "https://registry.npmjs.org/spectre.css/-/spectre.css-0.5.3.tgz",
      "integrity": "sha1-kNmwjewG8Tecjr9t60WA4B5wUQE="
    },
    "typeface-overpass-mono": {
      "version": "0.0.54",
      "resolved": "https://registry.npmjs.org/typeface-overpass-mono/-/typeface-overpass-mono-0.0.54.tgz",
      "integrity": "sha512-7E3wv7G+Q4jYGYue6Voyl1Gjc9lmVSJhZ490jY2tUyURYDBLUMc89DgAqy1PP9Tu8StbBT8bkwd57ALb+LH7PQ=="
    }
  }
}
